<Solution>
  <Project Path="DigitalWalletApi/DigitalWalletApi.csproj" />
  <Project Path="DigitalWalletApplication/DigitalWalletApplication.csproj" />
  <Project Path="DigitalWalletCore/DigitalWalletCore.csproj" />
  <Project Path="DigitalWalletInfrastructure/DigitalWalletInfrastructure.csproj" />
</Solution>
